{
    "name": "StackOverflow",
    "version": "1.0.0",
    "lockVersion": 3,
    "requires": true,
    "packages": {
        "": {
            "name": "StackOverflow",
            "version": "1.0.0",
            "license": "Boost Software License",
            "dependencies": {
                
            }
        }
    }
}
